
Microsoft Visual Studio Solution File, Format Version 12.00
# Visual Studio 15
VisualStudioVersion = 15.0.28307.329
MinimumVisualStudioVersion = 10.0.40219.1
Project("{FAE04EC0-301F-11D3-BF4B-00C04F79EFBC}") = "OdeToFood", "OdeToFood\OdeToFood.csproj", "{4B162581-1EA8-4BC6-AFA5-11A9CA672C34}"
EndProject
Project("{FAE04EC0-301F-11D3-BF4B-00C04F79EFBC}") = "OdeToFood.Core", "OdeToFood.Core\OdeToFood.Core.csproj", "{46ED79E5-78B5-4C02-8AAF-BB70A7265CCF}"
EndProject
Project("{FAE04EC0-301F-11D3-BF4B-00C04F79EFBC}") = "OdeToFood.Data", "OdeToFood.Data\OdeToFood.Data.csproj", "{9CE11093-7878-4736-B09B-ED78186A7B7A}"
EndProject
Global
	GlobalSection(SolutionConfigurationPlatforms) = preSolution
		Debug|Any CPU = Debug|Any CPU
		Release|Any CPU = Release|Any CPU
	EndGlobalSection
	GlobalSection(ProjectConfigurationPlatforms) = postSolution
		{4B162581-1EA8-4BC6-AFA5-11A9CA672C34}.Debug|Any CPU.ActiveCfg = Debug|Any CPU
		{4B162581-1EA8-4BC6-AFA5-11A9CA672C34}.Debug|Any CPU.Build.0 = Debug|Any CPU
		{4B162581-1EA8-4BC6-AFA5-11A9CA672C34}.Release|Any CPU.ActiveCfg = Release|Any CPU
		{4B162581-1EA8-4BC6-AFA5-11A9CA672C34}.Release|Any CPU.Build.0 = Release|Any CPU
		{46ED79E5-78B5-4C02-8AAF-BB70A7265CCF}.Debug|Any CPU.ActiveCfg = Debug|Any CPU
		{46ED79E5-78B5-4C02-8AAF-BB70A7265CCF}.Debug|Any CPU.Build.0 = Debug|Any CPU
		{46ED79E5-78B5-4C02-8AAF-BB70A7265CCF}.Release|Any CPU.ActiveCfg = Release|Any CPU
		{46ED79E5-78B5-4C02-8AAF-BB70A7265CCF}.Release|Any CPU.Build.0 = Release|Any CPU
		{9CE11093-7878-4736-B09B-ED78186A7B7A}.Debug|Any CPU.ActiveCfg = Debug|Any CPU
		{9CE11093-7878-4736-B09B-ED78186A7B7A}.Debug|Any CPU.Build.0 = Debug|Any CPU
		{9CE11093-7878-4736-B09B-ED78186A7B7A}.Release|Any CPU.ActiveCfg = Release|Any CPU
		{9CE11093-7878-4736-B09B-ED78186A7B7A}.Release|Any CPU.Build.0 = Release|Any CPU
	EndGlobalSection
	GlobalSection(SolutionProperties) = preSolution
		HideSolutionNode = FALSE
	EndGlobalSection
	GlobalSection(ExtensibilityGlobals) = postSolution
		SolutionGuid = {ABA1D305-5F94-46F7-A7F6-79B0C6067400}
	EndGlobalSection
EndGlobal
